
Microsoft Visual Studio Solution File, Format Version 12.00
# Visual Studio Version 17
VisualStudioVersion = 17.9.34622.214
MinimumVisualStudioVersion = 10.0.40219.1
Project("{8BC9CEB8-8B4A-11D0-8D11-00A0C91BC942}") = "DynamicMemory", "DynamicMemory\DynamicMemory.vcxproj", "{DE053825-AF53-46F1-903D-0344EDE951B4}"
EndProject
Global
	GlobalSection(SolutionConfigurationPlatforms) = preSolution
		Debug|x64 = Debug|x64
		Debug|x86 = Debug|x86
		Release|x64 = Release|x64
		Release|x86 = Release|x86
	EndGlobalSection
	GlobalSection(ProjectConfigurationPlatforms) = postSolution
		{DE053825-AF53-46F1-903D-0344EDE951B4}.Debug|x64.ActiveCfg = Debug|x64
		{DE053825-AF53-46F1-903D-0344EDE951B4}.Debug|x64.Build.0 = Debug|x64
		{DE053825-AF53-46F1-903D-0344EDE951B4}.Debug|x86.ActiveCfg = Debug|Win32
		{DE053825-AF53-46F1-903D-0344EDE951B4}.Debug|x86.Build.0 = Debug|Win32
		{DE053825-AF53-46F1-903D-0344EDE951B4}.Release|x64.ActiveCfg = Release|x64
		{DE053825-AF53-46F1-903D-0344EDE951B4}.Release|x64.Build.0 = Release|x64
		{DE053825-AF53-46F1-903D-0344EDE951B4}.Release|x86.ActiveCfg = Release|Win32
		{DE053825-AF53-46F1-903D-0344EDE951B4}.Release|x86.Build.0 = Release|Win32
	EndGlobalSection
	GlobalSection(SolutionProperties) = preSolution
		HideSolutionNode = FALSE
	EndGlobalSection
	GlobalSection(ExtensibilityGlobals) = postSolution
		SolutionGuid = {FA215F06-5C8E-4E0A-AFE7-F39E86830212}
	EndGlobalSection
EndGlobal
